
Microsoft Visual Studio Solution File, Format Version 12.00
# Visual Studio Version 17
VisualStudioVersion = 17.5.33530.505
MinimumVisualStudioVersion = 10.0.40219.1
Project("{888888A0-9F3D-457C-B088-3A5042F75D52}") = "CrusaderHackPy", "CrusaderHackPy.pyproj", "{E206D336-7741-415F-8649-52FBD07C5BEC}"
EndProject
Global
	GlobalSection(SolutionConfigurationPlatforms) = preSolution
		Debug|Any CPU = Debug|Any CPU
		Release|Any CPU = Release|Any CPU
	EndGlobalSection
	GlobalSection(ProjectConfigurationPlatforms) = postSolution
		{E206D336-7741-415F-8649-52FBD07C5BEC}.Debug|Any CPU.ActiveCfg = Debug|Any CPU
		{E206D336-7741-415F-8649-52FBD07C5BEC}.Release|Any CPU.ActiveCfg = Release|Any CPU
	EndGlobalSection
	GlobalSection(SolutionProperties) = preSolution
		HideSolutionNode = FALSE
	EndGlobalSection
	GlobalSection(ExtensibilityGlobals) = postSolution
		SolutionGuid = {6BA56A74-22F7-4D63-9E57-D847623CBF1B}
	EndGlobalSection
EndGlobal
